<?xml version="1.0" encoding="utf-8"?>
<Project ToolsVersion="4.0" xmlns="http://schemas.microsoft.com/developer/msbuild/2003">
  <ItemGroup>
    <ClInclude Include="stdafx.h" />
    <ClInclude Include="targetver.h" />
    <ClInclude Include="mdil_decoder.h" />
    <ClInclude Include="mdil_data.h" />
    <ClInclude Include="console_dumper.h" />
    <ClInclude Include="mdil_parser.h" />
    <ClInclude Include="mdil_ctl_parser.h" />
    <ClInclude Include="cli_metadata_reader.h" />
  </ItemGroup>
  <ItemGroup>
    <ClCompile Include="mdildump.cpp" />
    <ClCompile Include="stdafx.cpp" />
    <ClCompile Include="mdil_decoder.cpp" />
    <ClCompile Include="console_dumper.cpp" />
    <ClCompile Include="mdil_parser.cpp" />
    <ClCompile Include="mdil_ctl_parser.cpp" />
    <ClCompile Include="cli_metadata_reader.cpp" />
  </ItemGroup>
</Project>